
Microsoft Visual Studio Solution File, Format Version 12.00
# Visual Studio 14
VisualStudioVersion = 14.0.25420.1
MinimumVisualStudioVersion = 10.0.40219.1
Project("{FAE04EC0-301F-11D3-BF4B-00C04F79EFBC}") = "Pacman", "Pacman\Pacman.csproj", "{8CF54A81-C9E0-4C51-AC75-4C592CE9968F}"
EndProject
Project("{FAE04EC0-301F-11D3-BF4B-00C04F79EFBC}") = "PacmanUnitTest", "PacmanUnitTest\PacmanUnitTest.csproj", "{5EE0D5A6-3F24-4DB0-9DEA-76EBE0B1E92A}"
EndProject
Global
	GlobalSection(SolutionConfigurationPlatforms) = preSolution
		Debug|Any CPU = Debug|Any CPU
		Release|Any CPU = Release|Any CPU
	EndGlobalSection
	GlobalSection(ProjectConfigurationPlatforms) = postSolution
		{8CF54A81-C9E0-4C51-AC75-4C592CE9968F}.Debug|Any CPU.ActiveCfg = Debug|Any CPU
		{8CF54A81-C9E0-4C51-AC75-4C592CE9968F}.Debug|Any CPU.Build.0 = Debug|Any CPU
		{8CF54A81-C9E0-4C51-AC75-4C592CE9968F}.Release|Any CPU.ActiveCfg = Release|Any CPU
		{8CF54A81-C9E0-4C51-AC75-4C592CE9968F}.Release|Any CPU.Build.0 = Release|Any CPU
		{5EE0D5A6-3F24-4DB0-9DEA-76EBE0B1E92A}.Debug|Any CPU.ActiveCfg = Debug|Any CPU
		{5EE0D5A6-3F24-4DB0-9DEA-76EBE0B1E92A}.Debug|Any CPU.Build.0 = Debug|Any CPU
		{5EE0D5A6-3F24-4DB0-9DEA-76EBE0B1E92A}.Release|Any CPU.ActiveCfg = Release|Any CPU
		{5EE0D5A6-3F24-4DB0-9DEA-76EBE0B1E92A}.Release|Any CPU.Build.0 = Release|Any CPU
	EndGlobalSection
	GlobalSection(SolutionProperties) = preSolution
		HideSolutionNode = FALSE
	EndGlobalSection
EndGlobal
